hash: 4b9d102ab65a9afe918df273603c7a3b8ffd8b00f6651aec3ee26768c6d3e6b7
updated: 2016-11-30T11:35:14.155699984+01:00
imports:
- name: github.com/mattn/go-gtk
  version: f1b522380f46233d2124399c1c7521400e2e9905
  subpackages:
  - gdk
  - gdkpixbuf
  - glib
  - gtk
  - pango
- name: github.com/mattn/go-pointer
  version: 390b30acbf45a7b1fd329503a66a7b37071da178
testImports: []
